
Microsoft Visual Studio Solution File, Format Version 12.00
# Visual Studio Version 16
VisualStudioVersion = 16.0.29519.87
MinimumVisualStudioVersion = 10.0.40219.1
Project("{FAE04EC0-301F-11D3-BF4B-00C04F79EFBC}") = "Task7", "Task7\Task7.csproj", "{B4344525-0940-4935-A85D-47E054BBCE4C}"
EndProject
Global
	GlobalSection(SolutionConfigurationPlatforms) = preSolution
		Debug|Any CPU = Debug|Any CPU
		Release|Any CPU = Release|Any CPU
	EndGlobalSection
	GlobalSection(ProjectConfigurationPlatforms) = postSolution
		{B4344525-0940-4935-A85D-47E054BBCE4C}.Debug|Any CPU.ActiveCfg = Debug|Any CPU
		{B4344525-0940-4935-A85D-47E054BBCE4C}.Debug|Any CPU.Build.0 = Debug|Any CPU
		{B4344525-0940-4935-A85D-47E054BBCE4C}.Release|Any CPU.ActiveCfg = Release|Any CPU
		{B4344525-0940-4935-A85D-47E054BBCE4C}.Release|Any CPU.Build.0 = Release|Any CPU
	EndGlobalSection
	GlobalSection(SolutionProperties) = preSolution
		HideSolutionNode = FALSE
	EndGlobalSection
	GlobalSection(ExtensibilityGlobals) = postSolution
		SolutionGuid = {DE2005C2-2999-45A3-A5B2-D47B945A34E5}
	EndGlobalSection
EndGlobal
