
Microsoft Visual Studio Solution File, Format Version 12.00
# Visual Studio Version 16
VisualStudioVersion = 16.0.29519.87
MinimumVisualStudioVersion = 10.0.40219.1
Project("{FAE04EC0-301F-11D3-BF4B-00C04F79EFBC}") = "Task2", "Task2\Task2.csproj", "{AE3BC2FF-2411-4F00-8B73-162001EA1C71}"
EndProject
Global
	GlobalSection(SolutionConfigurationPlatforms) = preSolution
		Debug|Any CPU = Debug|Any CPU
		Release|Any CPU = Release|Any CPU
	EndGlobalSection
	GlobalSection(ProjectConfigurationPlatforms) = postSolution
		{AE3BC2FF-2411-4F00-8B73-162001EA1C71}.Debug|Any CPU.ActiveCfg = Debug|Any CPU
		{AE3BC2FF-2411-4F00-8B73-162001EA1C71}.Debug|Any CPU.Build.0 = Debug|Any CPU
		{AE3BC2FF-2411-4F00-8B73-162001EA1C71}.Release|Any CPU.ActiveCfg = Release|Any CPU
		{AE3BC2FF-2411-4F00-8B73-162001EA1C71}.Release|Any CPU.Build.0 = Release|Any CPU
	EndGlobalSection
	GlobalSection(SolutionProperties) = preSolution
		HideSolutionNode = FALSE
	EndGlobalSection
	GlobalSection(ExtensibilityGlobals) = postSolution
		SolutionGuid = {A262E3CD-BA72-42DB-B4BD-443517C0352A}
	EndGlobalSection
EndGlobal
